
Microsoft Visual Studio Solution File, Format Version 12.00
# Visual Studio Version 17
VisualStudioVersion = 17.5.33627.172
MinimumVisualStudioVersion = 10.0.40219.1
Project("{FAE04EC0-301F-11D3-BF4B-00C04F79EFBC}") = "AvaloniaApplication", "AvaloniaApplication/AvaloniaApplication.csproj", "{4C8EB77A-B145-447F-B24F-EB9E34115850}"
EndProject
Global
	GlobalSection(SolutionConfigurationPlatforms) = preSolution
		Debug|Any CPU = Debug|Any CPU
		Release|Any CPU = Release|Any CPU
	EndGlobalSection
	GlobalSection(ProjectConfigurationPlatforms) = postSolution
		{4C8EB77A-B145-447F-B24F-EB9E34115850}.Debug|Any CPU.ActiveCfg = Debug|Any CPU
		{4C8EB77A-B145-447F-B24F-EB9E34115850}.Debug|Any CPU.Build.0 = Debug|Any CPU
		{4C8EB77A-B145-447F-B24F-EB9E34115850}.Release|Any CPU.ActiveCfg = Release|Any CPU
		{4C8EB77A-B145-447F-B24F-EB9E34115850}.Release|Any CPU.Build.0 = Release|Any CPU
	EndGlobalSection
	GlobalSection(SolutionProperties) = preSolution
		HideSolutionNode = FALSE
	EndGlobalSection
	GlobalSection(ExtensibilityGlobals) = postSolution
		SolutionGuid = {3ECFE03E-5E1C-4614-960B-9BAC28BD2AD0}
	EndGlobalSection
EndGlobal
